dependencies:
- name: color-loader
  repository: file://../color-loader/helm
  version: 0.1.0
- name: color-viewer
  repository: file://../color-viewer/helm
  version: 0.1.0
- name: metrics-api
  repository: file://../metrics-api/helm
  version: 0.1.0
- name: parrot
  repository: file://../parrot/helm
  version: 0.1.0
- name: producer
  repository: file://../producer/helm
  version: 0.1.0
- name: consumer
  repository: file://../consumer/helm
  version: 0.1.0
digest: sha256:2f5420f303627947078a73e6915e42122357b585eca680fa7dc544a3eeecddb5
generated: "2020-01-23T22:19:02.409108Z"
