dependencies:
- name: color-loader
  repository: file://../color-loader/helm
  version: 0.1.0
- name: color-viewer
  repository: file://../color-viewer/helm
  version: 0.1.0
- name: metrics-api
  repository: file://../metrics-api/helm
  version: 0.1.0
- name: parrot
  repository: file://../parrot/helm
  version: 0.1.0
- name: producer
  repository: file://../producer/helm
  version: 0.1.0
digest: sha256:571537e4c9e305712d491d10411ce13f42189f228ec5898c6e3bcf6ff8cf36a0
generated: "2020-01-22T13:50:14.080233Z"
