dependencies:
- name: color-loader
  repository: file://../color-loader/helm
  version: 0.1.0
- name: color-viewer
  repository: file://../color-viewer/helm
  version: 0.1.0
- name: metrics-api
  repository: file://../metrics-api/helm
  version: 0.1.0
- name: producer
  repository: file://../producer/helm
  version: 0.1.0
- name: consumer
  repository: file://../consumer/helm
  version: 0.1.0
digest: sha256:d827cd920ad4bec9c4bcba5582249b416aefbc312a1bf87d929f8bf4918c5a74
generated: "2020-01-30T13:48:52.542175Z"
