dependencies:
- name: nginx-ingress
  repository: https://kubernetes-charts.storage.googleapis.com
  version: 1.29.2
- name: metrics-server
  repository: https://kubernetes-charts.storage.googleapis.com
  version: 2.9.0
- name: cert-manager
  repository: https://charts.jetstack.io
  version: 0.13.0
digest: sha256:bf874076381ca95968b75b5be914e913b3a093bf72c76aeb52fbd3fe5820f9c5
generated: "2020-01-25T12:05:35.436064Z"
